github.com/BurntSushi/toml v1.5.0 h1:W5quZX/G/csjUnuI8SUYlsHs9M38FC7znL0lIO+DvMg=
github.com/BurntSushi/toml v1.5.0/go.mod h1:ukJfTF/6rtPPRCnwkur4qwRxa8vTRFBF0uk2lLoLwho=
github.com/alexkohler/nakedret/v2 v2.0.6 h1:ME3Qef1/KIKr3kWX3nti3hhgNxw6aqN5pZmQiFSsuzQ=
github.com/alexkohler/nakedret/v2 v2.0.6/go.mod h1:l3RKju/IzOMQHmsEvXwkqMDzHHvurNQfAgE1eVmT40Q=
github.com/andybons/gogif v0.0.0-20140526152223-16d573594812 h1:WBBv0ka2SO7Ut4bpskb87E9cHNnJabqA6VoBTex0Jng=
github.com/andybons/gogif v0.0.0-20140526152223-16d573594812/go.mod h1:lkVwYUDYv/mJZK69J7BP7HRUhHEAone7OQHFBRnhQdQ=
github.com/anthonynsimon/bild v0.14.0 h1:IFRkmKdNdqmexXHfEU7rPlAmdUZ8BDZEGtGHDnGWync=
github.com/anthonynsimon/bild v0.14.0/go.mod h1:hcvEAyBjTW69qkKJTfpcDQ83sSZHxwOunsseDfeQhUs=
github.com/google/go-cmp v0.6.0 h1:ofyhxvXcZhMsU5ulbFiLKl/XBFqE1GSq7atu8tAmTRI=
github.com/google/go-cmp v0.6.0/go.mod h1:17dUlkBOakJ0+DkrSSNjCkIjxS6bF9zb3elmeNGIjoY=
github.com/kisielk/errcheck v1.9.0 h1:9xt1zI9EBfcYBvdU1nVrzMzzUPUtPKs9bVSIM3TAb3M=
github.com/kisielk/errcheck v1.9.0/go.mod h1:kQxWMMVZgIkDq7U8xtG/n2juOjbLgZtedi0D+/VL/i8=
github.com/magefile/mage v1.15.0 h1:BvGheCMAsG3bWUDbZ8AyXXpCNwU9u5CB6sM+HNb9HYg=
github.com/magefile/mage v1.15.0/go.mod h1:z5UZb/iS3GoOSn0JgWuiw7dxlurVYTu+/jHXqQg881A=
github.com/mcandre/factorio v0.0.16 h1:qECFqBLW3cI2fdzPHW3lnmduGu6kwRUdeDPJ10qgguE=
github.com/mcandre/factorio v0.0.16/go.mod h1:kk7EL5n6oSGP2I5YgZl6l5HCTRGFZirFIuqMDjc0zuA=
github.com/mcandre/mage-extras v0.0.32 h1:tlKys4fY6SBwlK66Um6h1iKKgaB+qDHROGBI9fikJ0E=
github.com/mcandre/mage-extras v0.0.32/go.mod h1:DwsxMvSSKhILM/3XHAK3z5t8m65nNFgleYE6vDH/GM8=
golang.org/x/exp/typeparams v0.0.0-20250408133849-7e4ce0ab07d0 h1:oMe07YcizemJ09rs2kRkFYAp0pt4e1lYLwPWiEGMpXE=
golang.org/x/exp/typeparams v0.0.0-20250408133849-7e4ce0ab07d0/go.mod h1:LKZHyeOpPuZcMgxeHjJp4p5yvxrCX1xDvH10zYHhjjQ=
golang.org/x/mod v0.24.0 h1:ZfthKaKaT4NrhGVZHO1/WDTwGES4De8KtWO0SIbNJMU=
golang.org/x/mod v0.24.0/go.mod h1:IXM97Txy2VM4PJ3gI61r1YEk/gAj6zAHN3AdZt6S9Ww=
golang.org/x/sync v0.13.0 h1:AauUjRAJ9OSnvULf/ARrrVywoJDy0YS2AwQ98I37610=
golang.org/x/sync v0.13.0/go.mod h1:1dzgHSNfp02xaA81J2MS99Qcpr2w7fw1gpm99rleRqA=
golang.org/x/tools v0.32.0 h1:Q7N1vhpkQv7ybVzLFtTjvQya2ewbwNDZzUgfXGqtMWU=
golang.org/x/tools v0.32.0/go.mod h1:ZxrU41P/wAbZD8EDa6dDCa6XfpkhJ7HFMjHJXfBDu8s=
honnef.co/go/tools v0.6.1 h1:R094WgE8K4JirYjBaOpz/AvTyUu/3wbmAoskKN/pxTI=
honnef.co/go/tools v0.6.1/go.mod h1:3puzxxljPCe8RGJX7BIy1plGbxEOZni5mR2aXe3/uk4=
